
Microsoft Visual Studio Solution File, Format Version 12.00
# Visual Studio Version 16
VisualStudioVersion = 16.0.32106.194
MinimumVisualStudioVersion = 10.0.40219.1
Project("{FAE04EC0-301F-11D3-BF4B-00C04F79EFBC}") = "047. primszame", "047. primszame\047. primszame.csproj", "{8BDD74FC-9D5C-4EDA-9435-B76C4DDF1984}"
EndProject
Global
	GlobalSection(SolutionConfigurationPlatforms) = preSolution
		Debug|Any CPU = Debug|Any CPU
		Release|Any CPU = Release|Any CPU
	EndGlobalSection
	GlobalSection(ProjectConfigurationPlatforms) = postSolution
		{8BDD74FC-9D5C-4EDA-9435-B76C4DDF1984}.Debug|Any CPU.ActiveCfg = Debug|Any CPU
		{8BDD74FC-9D5C-4EDA-9435-B76C4DDF1984}.Debug|Any CPU.Build.0 = Debug|Any CPU
		{8BDD74FC-9D5C-4EDA-9435-B76C4DDF1984}.Release|Any CPU.ActiveCfg = Release|Any CPU
		{8BDD74FC-9D5C-4EDA-9435-B76C4DDF1984}.Release|Any CPU.Build.0 = Release|Any CPU
	EndGlobalSection
	GlobalSection(SolutionProperties) = preSolution
		HideSolutionNode = FALSE
	EndGlobalSection
	GlobalSection(ExtensibilityGlobals) = postSolution
		SolutionGuid = {29AC7EFC-58B2-4FCC-BE13-A9ACEF2B9C42}
	EndGlobalSection
EndGlobal
